Microsoft Visual Studio Solution File, Format Version 12.00
# Visual Studio Version 17
VisualStudioVersion = 17.5.2.0
MinimumVisualStudioVersion = 10.0.40219.1
Project("{FAE04EC0-301F-11D3-BF4B-00C04F79EFBC}") = "AzureEntraIDDemo", "AzureEntraIDDemo.csproj", "{413417BB-7044-E75B-DDD8-F9AAC082AFFA}"
EndProject
Global
	GlobalSection(SolutionConfigurationPlatforms) = preSolution
		Debug|Any CPU = Debug|Any CPU
		Release|Any CPU = Release|Any CPU
	EndGlobalSection
	GlobalSection(ProjectConfigurationPlatforms) = postSolution
		{413417BB-7044-E75B-DDD8-F9AAC082AFFA}.Debug|Any CPU.ActiveCfg = Debug|Any CPU
		{413417BB-7044-E75B-DDD8-F9AAC082AFFA}.Debug|Any CPU.Build.0 = Debug|Any CPU
		{413417BB-7044-E75B-DDD8-F9AAC082AFFA}.Release|Any CPU.ActiveCfg = Release|Any CPU
		{413417BB-7044-E75B-DDD8-F9AAC082AFFA}.Release|Any CPU.Build.0 = Release|Any CPU
	EndGlobalSection
	GlobalSection(SolutionProperties) = preSolution
		HideSolutionNode = FALSE
	EndGlobalSection
	GlobalSection(ExtensibilityGlobals) = postSolution
		SolutionGuid = {2000832E-E17C-400B-9E91-F564C49DE4FA}
	EndGlobalSection
EndGlobal
